
Microsoft Visual Studio Solution File, Format Version 12.00
# Visual Studio Version 17
VisualStudioVersion = 17.14.36221.1 d17.14
MinimumVisualStudioVersion = 10.0.40219.1
Project("{FAE04EC0-301F-11D3-BF4B-00C04F79EFBC}") = "BlogApi", "BlogApi.csproj", "{32F09FC9-302C-4AA7-8169-E0A317A92497}"
EndProject
Global
	GlobalSection(SolutionConfigurationPlatforms) = preSolution
		Debug|Any CPU = Debug|Any CPU
		Release|Any CPU = Release|Any CPU
	EndGlobalSection
	GlobalSection(ProjectConfigurationPlatforms) = postSolution
		{32F09FC9-302C-4AA7-8169-E0A317A92497}.Debug|Any CPU.ActiveCfg = Debug|Any CPU
		{32F09FC9-302C-4AA7-8169-E0A317A92497}.Debug|Any CPU.Build.0 = Debug|Any CPU
		{32F09FC9-302C-4AA7-8169-E0A317A92497}.Release|Any CPU.ActiveCfg = Release|Any CPU
		{32F09FC9-302C-4AA7-8169-E0A317A92497}.Release|Any CPU.Build.0 = Release|Any CPU
	EndGlobalSection
	GlobalSection(SolutionProperties) = preSolution
		HideSolutionNode = FALSE
	EndGlobalSection
	GlobalSection(ExtensibilityGlobals) = postSolution
		SolutionGuid = {E0CEFFD2-8865-445E-8CF4-348FC6801796}
	EndGlobalSection
EndGlobal
